
Microsoft Visual Studio Solution File, Format Version 12.00
# Visual Studio 2015
Project("{FAE04EC0-301F-11D3-BF4B-00C04F79EFBC}") = "UnityVS.Maze Generator.CSharp", "UnityVS.Maze Generator.CSharp.csproj", "{901C78DE-97F8-C75F-E6DE-74B3740A6F55}"
EndProject
Global
	GlobalSection(SolutionConfigurationPlatforms) = preSolution
		Debug|Any CPU = Debug|Any CPU
		Release|Any CPU = Release|Any CPU
	EndGlobalSection
	GlobalSection(ProjectConfigurationPlatforms) = postSolution
		{901C78DE-97F8-C75F-E6DE-74B3740A6F55}.Debug|Any CPU.ActiveCfg = Debug|Any CPU
		{901C78DE-97F8-C75F-E6DE-74B3740A6F55}.Debug|Any CPU.Build.0 = Debug|Any CPU
		{901C78DE-97F8-C75F-E6DE-74B3740A6F55}.Release|Any CPU.ActiveCfg = Release|Any CPU
		{901C78DE-97F8-C75F-E6DE-74B3740A6F55}.Release|Any CPU.Build.0 = Release|Any CPU
	EndGlobalSection
	GlobalSection(SolutionProperties) = preSolution
		HideSolutionNode = FALSE
	EndGlobalSection
EndGlobal
